
Microsoft Visual Studio Solution File, Format Version 12.00
# Visual Studio Version 17
VisualStudioVersion = 17.14.37203.1
MinimumVisualStudioVersion = 10.0.40219.1
Project("{FAE04EC0-301F-11D3-BF4B-00C04F79EFBC}") = "ConferenceAttendees.API", "ConferenceAttendees.API\ConferenceAttendees.API.csproj", "{757E6F7A-082E-40EA-A16C-86FD24E7AF0A}"
EndProject
Project("{2150E333-8FDC-42A3-9474-1A3956D46DE8}") = "Solution Items", "Solution Items", "{8EC462FD-D22E-90A8-E5CE-7E832BA40C5D}"
	ProjectSection(SolutionItems) = preProject
		dockercommands.txt = dockercommands.txt
	EndProjectSection
EndProject
Project("{FAE04EC0-301F-11D3-BF4B-00C04F79EFBC}") = "ConferenceAttendees.MVC", "ConferenceAttendees.MVC\ConferenceAttendees.MVC.csproj", "{2D9D30C4-4372-4E6D-9444-957DE75B5922}"
EndProject
Global
	GlobalSection(SolutionConfigurationPlatforms) = preSolution
		Debug|Any CPU = Debug|Any CPU
		Release|Any CPU = Release|Any CPU
	EndGlobalSection
	GlobalSection(ProjectConfigurationPlatforms) = postSolution
		{757E6F7A-082E-40EA-A16C-86FD24E7AF0A}.Debug|Any CPU.ActiveCfg = Debug|Any CPU
		{757E6F7A-082E-40EA-A16C-86FD24E7AF0A}.Debug|Any CPU.Build.0 = Debug|Any CPU
		{757E6F7A-082E-40EA-A16C-86FD24E7AF0A}.Release|Any CPU.ActiveCfg = Release|Any CPU
		{757E6F7A-082E-40EA-A16C-86FD24E7AF0A}.Release|Any CPU.Build.0 = Release|Any CPU
		{2D9D30C4-4372-4E6D-9444-957DE75B5922}.Debug|Any CPU.ActiveCfg = Debug|Any CPU
		{2D9D30C4-4372-4E6D-9444-957DE75B5922}.Debug|Any CPU.Build.0 = Debug|Any CPU
		{2D9D30C4-4372-4E6D-9444-957DE75B5922}.Release|Any CPU.ActiveCfg = Release|Any CPU
		{2D9D30C4-4372-4E6D-9444-957DE75B5922}.Release|Any CPU.Build.0 = Release|Any CPU
	EndGlobalSection
	GlobalSection(SolutionProperties) = preSolution
		HideSolutionNode = FALSE
	EndGlobalSection
	GlobalSection(ExtensibilityGlobals) = postSolution
		SolutionGuid = {606DB624-F8C0-4B57-8CE2-3B3E68B6F9EE}
	EndGlobalSection
EndGlobal
